
Microsoft Visual Studio Solution File, Format Version 12.00
# Visual Studio Version 17
VisualStudioVersion = 17.7.34009.444
MinimumVisualStudioVersion = 10.0.40219.1
Project("{9A19103F-16F7-4668-BE54-9A1E7A4F7556}") = "Guitarotheque_Web_API", "Guitarotheque_Web_API\Guitarotheque_Web_API.csproj", "{8C5EBBB6-5600-4883-9724-67FCD2C00EC1}"
EndProject
Project("{9A19103F-16F7-4668-BE54-9A1E7A4F7556}") = "Guitarotheque_DAL", "Guitarotheque_DAL\Guitarotheque_DAL.csproj", "{1E73A355-818E-423F-8586-4A11E25DA52E}"
EndProject
Project("{2150E333-8FDC-42A3-9474-1A3956D46DE8}") = "[0]DAL", "[0]DAL", "{B7944CBA-E778-4850-9635-2860F0BABCFB}"
EndProject
Project("{9A19103F-16F7-4668-BE54-9A1E7A4F7556}") = "DAL_Test", "DAL_Test\DAL_Test.csproj", "{0FA4CC5F-BCBD-46A0-AC27-0A53596E0A56}"
EndProject
Project("{9A19103F-16F7-4668-BE54-9A1E7A4F7556}") = "Tools", "Tools\Tools.csproj", "{D6E3C1A2-6880-4EC8-B905-CB8685F821F1}"
EndProject
Project("{2150E333-8FDC-42A3-9474-1A3956D46DE8}") = "[1]BLL", "[1]BLL", "{D5DBDD67-C1B4-4803-8CE7-A0D510700D8B}"
EndProject
Project("{9A19103F-16F7-4668-BE54-9A1E7A4F7556}") = "Guitarotheque_BLL", "Guitarotheque_BLL\Guitarotheque_BLL.csproj", "{0D30EBC7-7515-4382-B5B0-ADBF1575373A}"
EndProject
Project("{9A19103F-16F7-4668-BE54-9A1E7A4F7556}") = "BLL_Test", "BLL_Test\BLL_Test.csproj", "{90090697-3340-43F9-8C58-55CF2A782AF2}"
EndProject
Project("{2150E333-8FDC-42A3-9474-1A3956D46DE8}") = "[2]API", "[2]API", "{9D9DA0BC-C308-47FC-AB20-AE0351148490}"
EndProject
Global
	GlobalSection(SolutionConfigurationPlatforms) = preSolution
		Debug|Any CPU = Debug|Any CPU
		Release|Any CPU = Release|Any CPU
	EndGlobalSection
	GlobalSection(ProjectConfigurationPlatforms) = postSolution
		{8C5EBBB6-5600-4883-9724-67FCD2C00EC1}.Debug|Any CPU.ActiveCfg = Debug|Any CPU
		{8C5EBBB6-5600-4883-9724-67FCD2C00EC1}.Debug|Any CPU.Build.0 = Debug|Any CPU
		{8C5EBBB6-5600-4883-9724-67FCD2C00EC1}.Release|Any CPU.ActiveCfg = Release|Any CPU
		{8C5EBBB6-5600-4883-9724-67FCD2C00EC1}.Release|Any CPU.Build.0 = Release|Any CPU
		{1E73A355-818E-423F-8586-4A11E25DA52E}.Debug|Any CPU.ActiveCfg = Debug|Any CPU
		{1E73A355-818E-423F-8586-4A11E25DA52E}.Debug|Any CPU.Build.0 = Debug|Any CPU
		{1E73A355-818E-423F-8586-4A11E25DA52E}.Release|Any CPU.ActiveCfg = Release|Any CPU
		{1E73A355-818E-423F-8586-4A11E25DA52E}.Release|Any CPU.Build.0 = Release|Any CPU
		{0FA4CC5F-BCBD-46A0-AC27-0A53596E0A56}.Debug|Any CPU.ActiveCfg = Debug|Any CPU
		{0FA4CC5F-BCBD-46A0-AC27-0A53596E0A56}.Debug|Any CPU.Build.0 = Debug|Any CPU
		{0FA4CC5F-BCBD-46A0-AC27-0A53596E0A56}.Release|Any CPU.ActiveCfg = Release|Any CPU
		{0FA4CC5F-BCBD-46A0-AC27-0A53596E0A56}.Release|Any CPU.Build.0 = Release|Any CPU
		{D6E3C1A2-6880-4EC8-B905-CB8685F821F1}.Debug|Any CPU.ActiveCfg = Debug|Any CPU
		{D6E3C1A2-6880-4EC8-B905-CB8685F821F1}.Debug|Any CPU.Build.0 = Debug|Any CPU
		{D6E3C1A2-6880-4EC8-B905-CB8685F821F1}.Release|Any CPU.ActiveCfg = Release|Any CPU
		{D6E3C1A2-6880-4EC8-B905-CB8685F821F1}.Release|Any CPU.Build.0 = Release|Any CPU
		{0D30EBC7-7515-4382-B5B0-ADBF1575373A}.Debug|Any CPU.ActiveCfg = Debug|Any CPU
		{0D30EBC7-7515-4382-B5B0-ADBF1575373A}.Debug|Any CPU.Build.0 = Debug|Any CPU
		{0D30EBC7-7515-4382-B5B0-ADBF1575373A}.Release|Any CPU.ActiveCfg = Release|Any CPU
		{0D30EBC7-7515-4382-B5B0-ADBF1575373A}.Release|Any CPU.Build.0 = Release|Any CPU
		{90090697-3340-43F9-8C58-55CF2A782AF2}.Debug|Any CPU.ActiveCfg = Debug|Any CPU
		{90090697-3340-43F9-8C58-55CF2A782AF2}.Debug|Any CPU.Build.0 = Debug|Any CPU
		{90090697-3340-43F9-8C58-55CF2A782AF2}.Release|Any CPU.ActiveCfg = Release|Any CPU
		{90090697-3340-43F9-8C58-55CF2A782AF2}.Release|Any CPU.Build.0 = Release|Any CPU
	EndGlobalSection
	GlobalSection(SolutionProperties) = preSolution
		HideSolutionNode = FALSE
	EndGlobalSection
	GlobalSection(NestedProjects) = preSolution
		{8C5EBBB6-5600-4883-9724-67FCD2C00EC1} = {9D9DA0BC-C308-47FC-AB20-AE0351148490}
		{1E73A355-818E-423F-8586-4A11E25DA52E} = {B7944CBA-E778-4850-9635-2860F0BABCFB}
		{0FA4CC5F-BCBD-46A0-AC27-0A53596E0A56} = {B7944CBA-E778-4850-9635-2860F0BABCFB}
		{0D30EBC7-7515-4382-B5B0-ADBF1575373A} = {D5DBDD67-C1B4-4803-8CE7-A0D510700D8B}
		{90090697-3340-43F9-8C58-55CF2A782AF2} = {D5DBDD67-C1B4-4803-8CE7-A0D510700D8B}
	EndGlobalSection
	GlobalSection(ExtensibilityGlobals) = postSolution
		SolutionGuid = {EB228F87-923F-4103-BFAF-3F6F6C571331}
	EndGlobalSection
EndGlobal
